
Microsoft Visual Studio Solution File, Format Version 12.00
# Visual Studio Version 17
VisualStudioVersion = 17.5.33530.505
MinimumVisualStudioVersion = 10.0.40219.1
Project("{9A19103F-16F7-4668-BE54-9A1E7A4F7556}") = "CompanyEmployees", "CompanyEmployees\CompanyEmployees.csproj", "{CA687100-FB3E-4621-8399-89A7FAEF3B04}"
EndProject
Project("{9A19103F-16F7-4668-BE54-9A1E7A4F7556}") = "Contract", "Contract\Contract.csproj", "{E76C926A-C2F6-4BF4-962B-38727E28833C}"
EndProject
Project("{9A19103F-16F7-4668-BE54-9A1E7A4F7556}") = "LoggerService", "LoggerService\LoggerService.csproj", "{AFE7D136-B076-4B21-B322-59AB8515704A}"
EndProject
Project("{FAE04EC0-301F-11D3-BF4B-00C04F79EFBC}") = "Entities", "Entities\Entities.csproj", "{BE54DA08-D644-4A32-BD3A-BCA7B89D1B32}"
EndProject
Project("{FAE04EC0-301F-11D3-BF4B-00C04F79EFBC}") = "Repository", "Repository\Repository.csproj", "{C51AE6FA-7ADB-4D67-B21B-5231DE9061A0}"
EndProject
Project("{FAE04EC0-301F-11D3-BF4B-00C04F79EFBC}") = "Service.Contracts", "Service.Contracts\Service.Contracts.csproj", "{2DA173BD-DB77-4F5C-B244-1A5C820A67E2}"
EndProject
Project("{FAE04EC0-301F-11D3-BF4B-00C04F79EFBC}") = "Service", "Service\Service.csproj", "{2BF8C2BC-132C-4764-833A-9C5AE1238EE9}"
EndProject
Global
	GlobalSection(SolutionConfigurationPlatforms) = preSolution
		Debug|Any CPU = Debug|Any CPU
		Release|Any CPU = Release|Any CPU
	EndGlobalSection
	GlobalSection(ProjectConfigurationPlatforms) = postSolution
		{CA687100-FB3E-4621-8399-89A7FAEF3B04}.Debug|Any CPU.ActiveCfg = Debug|Any CPU
		{CA687100-FB3E-4621-8399-89A7FAEF3B04}.Debug|Any CPU.Build.0 = Debug|Any CPU
		{CA687100-FB3E-4621-8399-89A7FAEF3B04}.Release|Any CPU.ActiveCfg = Release|Any CPU
		{CA687100-FB3E-4621-8399-89A7FAEF3B04}.Release|Any CPU.Build.0 = Release|Any CPU
		{E76C926A-C2F6-4BF4-962B-38727E28833C}.Debug|Any CPU.ActiveCfg = Debug|Any CPU
		{E76C926A-C2F6-4BF4-962B-38727E28833C}.Debug|Any CPU.Build.0 = Debug|Any CPU
		{E76C926A-C2F6-4BF4-962B-38727E28833C}.Release|Any CPU.ActiveCfg = Release|Any CPU
		{E76C926A-C2F6-4BF4-962B-38727E28833C}.Release|Any CPU.Build.0 = Release|Any CPU
		{AFE7D136-B076-4B21-B322-59AB8515704A}.Debug|Any CPU.ActiveCfg = Debug|Any CPU
		{AFE7D136-B076-4B21-B322-59AB8515704A}.Debug|Any CPU.Build.0 = Debug|Any CPU
		{AFE7D136-B076-4B21-B322-59AB8515704A}.Release|Any CPU.ActiveCfg = Release|Any CPU
		{AFE7D136-B076-4B21-B322-59AB8515704A}.Release|Any CPU.Build.0 = Release|Any CPU
		{BE54DA08-D644-4A32-BD3A-BCA7B89D1B32}.Debug|Any CPU.ActiveCfg = Debug|Any CPU
		{BE54DA08-D644-4A32-BD3A-BCA7B89D1B32}.Debug|Any CPU.Build.0 = Debug|Any CPU
		{BE54DA08-D644-4A32-BD3A-BCA7B89D1B32}.Release|Any CPU.ActiveCfg = Release|Any CPU
		{BE54DA08-D644-4A32-BD3A-BCA7B89D1B32}.Release|Any CPU.Build.0 = Release|Any CPU
		{C51AE6FA-7ADB-4D67-B21B-5231DE9061A0}.Debug|Any CPU.ActiveCfg = Debug|Any CPU
		{C51AE6FA-7ADB-4D67-B21B-5231DE9061A0}.Debug|Any CPU.Build.0 = Debug|Any CPU
		{C51AE6FA-7ADB-4D67-B21B-5231DE9061A0}.Release|Any CPU.ActiveCfg = Release|Any CPU
		{C51AE6FA-7ADB-4D67-B21B-5231DE9061A0}.Release|Any CPU.Build.0 = Release|Any CPU
		{2DA173BD-DB77-4F5C-B244-1A5C820A67E2}.Debug|Any CPU.ActiveCfg = Debug|Any CPU
		{2DA173BD-DB77-4F5C-B244-1A5C820A67E2}.Debug|Any CPU.Build.0 = Debug|Any CPU
		{2DA173BD-DB77-4F5C-B244-1A5C820A67E2}.Release|Any CPU.ActiveCfg = Release|Any CPU
		{2DA173BD-DB77-4F5C-B244-1A5C820A67E2}.Release|Any CPU.Build.0 = Release|Any CPU
		{2BF8C2BC-132C-4764-833A-9C5AE1238EE9}.Debug|Any CPU.ActiveCfg = Debug|Any CPU
		{2BF8C2BC-132C-4764-833A-9C5AE1238EE9}.Debug|Any CPU.Build.0 = Debug|Any CPU
		{2BF8C2BC-132C-4764-833A-9C5AE1238EE9}.Release|Any CPU.ActiveCfg = Release|Any CPU
		{2BF8C2BC-132C-4764-833A-9C5AE1238EE9}.Release|Any CPU.Build.0 = Release|Any CPU
	EndGlobalSection
	GlobalSection(SolutionProperties) = preSolution
		HideSolutionNode = FALSE
	EndGlobalSection
	GlobalSection(ExtensibilityGlobals) = postSolution
		SolutionGuid = {0C00B605-C386-4095-89AD-8B9E7A4D1A7B}
	EndGlobalSection
EndGlobal
